github.com/TheTitanrain/w32 v0.0.0-20180517000239-4f5cfb03fabf h1:FPsprx82rdrX2jiKyS17BH6IrTmUBYqZa/CXT4uvb+I=
github.com/TheTitanrain/w32 v0.0.0-20180517000239-4f5cfb03fabf/go.mod h1:peYoMncQljjNS6tZwI9WVyQB3qZS6u79/N3mBOcnd3I=
github.com/adrg/strutil v0.2.2 h1:XSd9+o2xaOon2oRum0JymNT+f0nfLiAiDzGOcjcIsMI=
github.com/adrg/strutil v0.2.2/go.mod h1:EF2fjOFlGTepljfI+FzgTG13oXthR7ZAil9/aginnNQ=
github.com/adrg/sysfont v0.1.2 h1:MSU3KREM4RhsQ+7QgH7wPEPTgAgBIz0Hw6Nd4u7QgjE=
github.com/adrg/sysfont v0.1.2/go.mod h1:6d3l7/BSjX9VaeXWJt9fcrftFaD/t7l11xgSywCPZGk=
github.com/adrg/xdg v0.3.0 h1:BO+k4wFj0IoTolBF1Apn8oZrX3LQrEbBA8+/9vyW9J4=
github.com/adrg/xdg v0.3.0/go.mod h1:7I2hH/IT30IsupOpKZ5ue7/qNi3CoKzD6tL3HwpaRMQ=
github.com/davecgh/go-spew v1.1.0/go.mod h1:J7Y8YcW2NihsgmVo/mv3lAwl/skON4iLHjSsI+c5H38=
github.com/davecgh/go-spew v1.1.1 h1:vj9j/u1bqnvCEfJOwUhtlOARqs3+rkHYY13jYWTU97c=
github.com/davecgh/go-spew v1.1.1/go.mod h1:J7Y8YcW2NihsgmVo/mv3lAwl/skON4iLHjSsI+c5H38=
github.com/g8rswimmer/go-twitter/v2 v2.1.2 h1:n5vwjp2l/9/TdJSkVoENmD3xErHiK/cNi0BBSs597rA=
github.com/g8rswimmer/go-twitter/v2 v2.1.2/go.mod h1:/55xWb313KQs25X7oZrNSEwLQNkYHhPsDwFstc45vhc=
github.com/gen2brain/raylib-go/raylib v0.0.0-20220702153720-2ba84634ed1e h1:e/GRIyVh+q0SSASTNZ7Ns/mfG4TCb+cvVCFow2es42M=
github.com/gen2brain/raylib-go/raylib v0.0.0-20220702153720-2ba84634ed1e/go.mod h1:+NbsqGlEQqGqrsgJFF5Yj2dkvn0ML2SQb8RqM2hJsPU=
github.com/pkg/browser v0.0.0-20210911075715-681adbf594b8 h1:KoWmjvw+nsYOo29YJK9vDA65RGE3NrOnUtO7a+RF9HU=
github.com/pkg/browser v0.0.0-20210911075715-681adbf594b8/go.mod h1:HKlIX3XHQyzLZPlr7++PzdhaXEj94dEiJgZDTsxEqUI=
github.com/pmezard/go-difflib v1.0.0 h1:4DBwDE0NGyQoBHbLQYPwSUPoCMWR5BEzIk/f1lZbAQM=
github.com/pmezard/go-difflib v1.0.0/go.mod h1:iKH77koFhYxTK1pcRnkKkqfTogsbg7gZNVY4sRDYZ/4=
github.com/sqweek/dialog v0.0.0-20220809060634-e981b270ebbf h1:pCxn3BCfu8n8VUhYl4zS1BftoZoYY0J4qVF3dqAQ4aU=
github.com/sqweek/dialog v0.0.0-20220809060634-e981b270ebbf/go.mod h1:/qNPSY91qTz/8TgHEMioAUc6q7+3SOybeKczHMXFcXw=
github.com/stretchr/objx v0.1.0/go.mod h1:HFkY916IF+rwdDfMAkV7OtwuqBVzrE8GR6GFx+wExME=
github.com/stretchr/objx v0.4.0/go.mod h1:YvHI0jy2hoMjB+UWwv71VJQ9isScKT/TqJzVSSt89Yw=
github.com/stretchr/testify v1.6.1/go.mod h1:6Fq8oRcR53rry900zMqJjRRixrwX3KX962/h/Wwjteg=
github.com/stretchr/testify v1.7.1/go.mod h1:6Fq8oRcR53rry900zMqJjRRixrwX3KX962/h/Wwjteg=
github.com/stretchr/testify v1.8.0 h1:pSgiaMZlXftHpm5L7V1+rVB+AZJydKsMxsQBIJw4PKk=
github.com/stretchr/testify v1.8.0/go.mod h1:yNjHg4UonilssWZ8iaSj1OCr/vHnekPRkoO+kdMU+MU=
golang.org/x/sys v0.0.0-20210616045830-e2b7044e8c71/go.mod h1:oPkhp1MJrh7nUepCBck5+mAzfO9JrbApNNgaTdGDITg=
golang.org/x/sys v0.0.0-20220610221304-9f5ed59c137d h1:Zu/JngovGLVi6t2J3nmAf3AoTDwuzw85YZ3b9o4yU7s=
golang.org/x/sys v0.0.0-20220610221304-9f5ed59c137d/go.mod h1:oPkhp1MJrh7nUepCBck5+mAzfO9JrbApNNgaTdGDITg=
gopkg.in/check.v1 v0.0.0-20161208181325-20d25e280405/go.mod h1:Co6ibVJAznAaIkqp8huTwlJQCZ016jof/cbN4VW5Yz0=
gopkg.in/yaml.v3 v3.0.0-20200313102051-9f266ea9e77c/go.mod h1:K4uyk7z7BCEPqu6E+C64Yfv1cQ7kz7rIZviUmN+EgEM=
gopkg.in/yaml.v3 v3.0.1 h1:fxVm/GzAzEWqLHuvctI91KS9hhNmmWOoWu0XTYJS7CA=
gopkg.in/yaml.v3 v3.0.1/go.mod h1:K4uyk7z7BCEPqu6E+C64Yfv1cQ7kz7rIZviUmN+EgEM=
